// !$*UTF8*$!
{
	archiveVersion = 1;
	classes = {
	};
	objectVersion = 46;
	objects = {

/* Begin PBXBuildFile section */
		EDDF9FE51E63148F009AC621 /* AppDelegate.swift in Sources */ = {isa = PBXBuildFile; fileRef = EDDF9FDA1E63148F009AC621 /* AppDelegate.swift */; };
		EDDF9FE61E63148F009AC621 /* Assets.xcassets in Resources */ = {isa = PBXBuildFile; fileRef = EDDF9FDB1E63148F009AC621 /* Assets.xcassets */; };
		EDDF9FE71E63148F009AC621 /* LaunchScreen.storyboard in Resources */ = {isa = PBXBuildFile; fileRef = EDDF9FDC1E63148F009AC621 /* LaunchScreen.storyboard */; };
		EDDF9FE91E63148F009AC621 /* Info.plist in Resources */ = {isa = PBXBuildFile; fileRef = EDDF9FE01E63148F009AC621 /* Info.plist */; };
		EDDF9FEA1E63148F009AC621 /* Main.storyboard in Resources */ = {isa = PBXBuildFile; fileRef = EDDF9FE11E63148F009AC621 /* Main.storyboard */; };
		EDDF9FEB1E63148F009AC621 /* ViewController.swift in Sources */ = {isa = PBXBuildFile; fileRef = EDDF9FE21E63148F009AC621 /* ViewController.swift */; };
		EDDF9FEC1E63148F009AC621 /* IKProgressView.swift in Sources */ = {isa = PBXBuildFile; fileRef = EDDF9FE41E63148F009AC621 /* IKProgressView.swift */; };
/* End PBXBuildFile section */

/* Begin PBXFileReference section */
		EDDF9FC41E631461009AC621 /* iOS-Example.app */ = {isa = PBXFileReference; explicitFileType = wrapper.application; includeInIndex = 0; path = "iOS-Example.app"; sourceTree = BUILT_PRODUCTS_DIR; };
		EDDF9FDA1E63148F009AC621 /* AppDelegate.swift */ = {isa = PBXFileReference; fileEncoding = 4; lastKnownFileType = sourcecode.swift; path = AppDelegate.swift; sourceTree = "<group>"; };
		EDDF9FDB1E63148F009AC621 /* Assets.xcassets */ = {isa = PBXFileReference; lastKnownFileType = folder.assetcatalog; path = Assets.xcassets; sourceTree = "<group>"; };
		EDDF9FDD1E63148F009AC621 /* Base */ = {isa = PBXFileReference; lastKnownFileType = file.storyboard; name = Base; path = Base.lproj/LaunchScreen.storyboard; sourceTree = "<group>"; };
		EDDF9FE01E63148F009AC621 /* Info.plist */ = {isa = PBXFileReference; fileEncoding = 4; lastKnownFileType = text.plist.xml; path = Info.plist; sourceTree = "<group>"; };
		EDDF9FE11E63148F009AC621 /* Main.storyboard */ = {isa = PBXFileReference; fileEncoding = 4; lastKnownFileType = file.storyboard; path = Main.storyboard; sourceTree = "<group>"; };
		EDDF9FE21E63148F009AC621 /* ViewController.swift */ = {isa = PBXFileReference; fileEncoding = 4; lastKnownFileType = sourcecode.swift; path = ViewController.swift; sourceTree = "<group>"; };
		EDDF9FE41E63148F009AC621 /* IKProgressView.swift */ = {isa = PBXFileReference; fileEncoding = 4; lastKnownFileType = sourcecode.swift; path = IKProgressView.swift; sourceTree = "<group>"; };
/* End PBXFileReference section */

/* Begin PBXFrameworksBuildPhase section */
		EDDF9FC11E631461009AC621 /* Frameworks */ = {
			isa = PBXFrameworksBuildPhase;
			buildActionMask = 2147483647;
			files = (
			);
			runOnlyForDeploymentPostprocessing = 0;
		};
/* End PBXFrameworksBuildPhase section */

/* Begin PBXGroup section */
		EDDF9FBB1E631461009AC621 = {
			isa = PBXGroup;
			children = (
				EDDF9FD91E63148F009AC621 /* Example */,
				EDDF9FE31E63148F009AC621 /* Source */,
				EDDF9FC51E631461009AC621 /* Products */,
			);
			sourceTree = "<group>";
		};
		EDDF9FC51E631461009AC621 /* Products */ = {
			isa = PBXGroup;
			children = (
				EDDF9FC41E631461009AC621 /* iOS-Example.app */,
			);
			name = Products;
			sourceTree = "<group>";
		};
		EDDF9FD91E63148F009AC621 /* Example */ = {
			isa = PBXGroup;
			children = (
				EDDF9FDA1E63148F009AC621 /* AppDelegate.swift */,
				EDDF9FDB1E63148F009AC621 /* Assets.xcassets */,
				EDDF9FDC1E63148F009AC621 /* LaunchScreen.storyboard */,
				EDDF9FE01E63148F009AC621 /* Info.plist */,
				EDDF9FE11E63148F009AC621 /* Main.storyboard */,
				EDDF9FE21E63148F009AC621 /* ViewController.swift */,
			);
			path = Example;
			sourceTree = "<group>";
		};
		EDDF9FE31E63148F009AC621 /* Source */ = {
			isa = PBXGroup;
			children = (
				EDDF9FE41E63148F009AC621 /* IKProgressView.swift */,
			);
			path = Source;
			sourceTree = "<group>";
		};
/* End PBXGroup section */

/* Begin PBXNativeTarget section */
		EDDF9FC31E631461009AC621 /* iOS-Example */ = {
			isa = PBXNativeTarget;
			buildConfigurationList = EDDF9FD61E631461009AC621 /* Build configuration list for PBXNativeTarget "iOS-Example" */;
			buildPhases = (
				EDDF9FC01E631461009AC621 /* Sources */,
				EDDF9FC11E631461009AC621 /* Frameworks */,
				EDDF9FC21E631461009AC621 /* Resources */,
			);
			buildRules = (
			);
			dependencies = (
			);
			name = "iOS-Example";
			productName = IKProgressView;
			productReference = EDDF9FC41E631461009AC621 /* iOS-Example.app */;
			productType = "com.apple.product-type.application";
		};
/* End PBXNativeTarget section */

/* Begin PBXProject section */
		EDDF9FBC1E631461009AC621 /* Project object */ = {
			isa = PBXProject;
			attributes = {
				LastSwiftUpdateCheck = 0820;
				LastUpgradeCheck = 0820;
				ORGANIZATIONNAME = "Igor Kislyuk";
				TargetAttributes = {
					EDDF9FC31E631461009AC621 = {
						CreatedOnToolsVersion = 8.2.1;
						DevelopmentTeam = NVZGWL564Q;
						ProvisioningStyle = Automatic;
					};
				};
			};
			buildConfigurationList = EDDF9FBF1E631461009AC621 /* Build configuration list for PBXProject "iOS-Example" */;
			compatibilityVersion = "Xcode 3.2";
			developmentRegion = English;
			hasScannedForEncodings = 0;
			knownRegions = (
				en,
				Base,
			);
			mainGroup = EDDF9FBB1E631461009AC621;
			productRefGroup = EDDF9FC51E631461009AC621 /* Products */;
			projectDirPath = "";
			projectRoot = "";
			targets = (
				EDDF9FC31E631461009AC621 /* iOS-Example */,
			);
		};
/* End PBXProject section */

/* Begin PBXResourcesBuildPhase section */
		EDDF9FC21E631461009AC621 /* Resources */ = {
			isa = PBXResourcesBuildPhase;
			buildActionMask = 2147483647;
			files = (
				EDDF9FE91E63148F009AC621 /* Info.plist in Resources */,
				EDDF9FEA1E63148F009AC621 /* Main.storyboard in Resources */,
				EDDF9FE61E63148F009AC621 /* Assets.xcassets in Resources */,
				EDDF9FE71E63148F009AC621 /* LaunchScreen.storyboard in Resources */,
			);
			runOnlyForDeploymentPostprocessing = 0;
		};
/* End PBXResourcesBuildPhase section */

/* Begin PBXSourcesBuildPhase section */
		EDDF9FC01E631461009AC621 /* Sources */ = {
			isa = PBXSourcesBuildPhase;
			buildActionMask = 2147483647;
			files = (
				EDDF9FEC1E63148F009AC621 /* IKProgressView.swift in Sources */,
				EDDF9FEB1E63148F009AC621 /* ViewController.swift in Sources */,
				EDDF9FE51E63148F009AC621 /* AppDelegate.swift in Sources */,
			);
			runOnlyForDeploymentPostprocessing = 0;
		};
/* End PBXSourcesBuildPhase section */

/* Begin PBXVariantGroup section */
		EDDF9FDC1E63148F009AC621 /* LaunchScreen.storyboard */ = {
			isa = PBXVariantGroup;
			children = (
				EDDF9FDD1E63148F009AC621 /* Base */,
			);
			name = LaunchScreen.storyboard;
			sourceTree = "<group>";
		};
/* End PBXVariantGroup section */

/* Begin XCBuildConfiguration section */
		EDDF9FD41E631461009AC621 /* Debug */ = {
			isa = XCBuildConfiguration;
			buildSettings = {
				ALWAYS_SEARCH_USER_PATHS = NO;
				CLANG_ANALYZER_NONNULL = YES;
				CLANG_CXX_LANGUAGE_STANDARD = "gnu++0x";
				CLANG_CXX_LIBRARY = "libc++";
				CLANG_ENABLE_MODULES = YES;
				CLANG_ENABLE_OBJC_ARC = YES;
				CLANG_WARN_BOOL_CONVERSION = YES;
				CLANG_WARN_CONSTANT_CONVERSION = YES;
				CLANG_WARN_DIRECT_OBJC_ISA_USAGE = YES_ERROR;
				CLANG_WARN_DOCUMENTATION_COMMENTS = YES;
				CLANG_WARN_EMPTY_BODY = YES;
				CLANG_WARN_ENUM_CONVERSION = YES;
				CLANG_WARN_INFINITE_RECURSION = YES;
				CLANG_WARN_INT_CONVERSION = YES;
				CLANG_WARN_OBJC_ROOT_CLASS = YES_ERROR;
				CLANG_WARN_SUSPICIOUS_MOVE = YES;
				CLANG_WARN_UNREACHABLE_CODE = YES;
				CLANG_WARN__DUPLICATE_METHOD_MATCH = YES;
				"CODE_SIGN_IDENTITY[sdk=iphoneos*]" = "iPhone Developer";
				COPY_PHASE_STRIP = NO;
				DEBUG_INFORMATION_FORMAT = dwarf;
				ENABLE_STRICT_OBJC_MSGSEND = YES;
				ENABLE_TESTABILITY = YES;
				GCC_C_LANGUAGE_STANDARD = gnu99;
				GCC_DYNAMIC_NO_PIC = NO;
				GCC_NO_COMMON_BLOCKS = YES;
				GCC_OPTIMIZATION_LEVEL = 0;
				GCC_PREPROCESSOR_DEFINITIONS = (
					"DEBUG=1",
					"$(inherited)",
				);
				GCC_WARN_64_TO_32_BIT_CONVERSION = YES;
				GCC_WARN_ABOUT_RETURN_TYPE = YES_ERROR;
				GCC_WARN_UNDECLARED_SELECTOR = YES;
				GCC_WARN_UNINITIALIZED_AUTOS = YES_AGGRESSIVE;
				GCC_WARN_UNUSED_FUNCTION = YES;
				GCC_WARN_UNUSED_VARIABLE = YES;
				IPHONEOS_DEPLOYMENT_TARGET = 10.2;
				MTL_ENABLE_DEBUG_INFO = YES;
				ONLY_ACTIVE_ARCH = YES;
				SDKROOT = iphoneos;
				SWIFT_ACTIVE_COMPILATION_CONDITIONS = DEBUG;
				SWIFT_OPTIMIZATION_LEVEL = "-Onone";
			};
			name = Debug;
		};
		EDDF9FD51E631461009AC621 /* Release */ = {
			isa = XCBuildConfiguration;
			buildSettings = {
				ALWAYS_SEARCH_USER_PATHS = NO;
				CLANG_ANALYZER_NONNULL = YES;
				CLANG_CXX_LANGUAGE_STANDARD = "gnu++0x";
				CLANG_CXX_LIBRARY = "libc++";
				CLANG_ENABLE_MODULES = YES;
				CLANG_ENABLE_OBJC_ARC = YES;
				CLANG_WARN_BOOL_CONVERSION = YES;
				CLANG_WARN_CONSTANT_CONVERSION = YES;
				CLANG_WARN_DIRECT_OBJC_ISA_USAGE = YES_ERROR;
				CLANG_WARN_DOCUMENTATION_COMMENTS = YES;
				CLANG_WARN_EMPTY_BODY = YES;
				CLANG_WARN_ENUM_CONVERSION = YES;
				CLANG_WARN_INFINITE_RECURSION = YES;
				CLANG_WARN_INT_CONVERSION = YES;
				CLANG_WARN_OBJC_ROOT_CLASS = YES_ERROR;
				CLANG_WARN_SUSPICIOUS_MOVE = YES;
				CLANG_WARN_UNREACHABLE_CODE = YES;
				CLANG_WARN__DUPLICATE_METHOD_MATCH = YES;
				"CODE_SIGN_IDENTITY[sdk=iphoneos*]" = "iPhone Developer";
				COPY_PHASE_STRIP = NO;
				DEBUG_INFORMATION_FORMAT = "dwarf-with-dsym";
				ENABLE_NS_ASSERTIONS = NO;
				ENABLE_STRICT_OBJC_MSGSEND = YES;
				GCC_C_LANGUAGE_STANDARD = gnu99;
				GCC_NO_COMMON_BLOCKS = YES;
				GCC_WARN_64_TO_32_BIT_CONVERSION = YES;
				GCC_WARN_ABOUT_RETURN_TYPE = YES_ERROR;
				GCC_WARN_UNDECLARED_SELECTOR = YES;
				GCC_WARN_UNINITIALIZED_AUTOS = YES_AGGRESSIVE;
				GCC_WARN_UNUSED_FUNCTION = YES;
				GCC_WARN_UNUSED_VARIABLE = YES;
				IPHONEOS_DEPLOYMENT_TARGET = 10.2;
				MTL_ENABLE_DEBUG_INFO = NO;
				SDKROOT = iphoneos;
				SWIFT_OPTIMIZATION_LEVEL = "-Owholemodule";
				VALIDATE_PRODUCT = YES;
			};
			name = Release;
		};
		EDDF9FD71E631461009AC621 /* Debug */ = {
			isa = XCBuildConfiguration;
			buildSettings = {
				ASSETCATALOG_COMPILER_APPICON_NAME = AppIcon;
				DEVELOPMENT_TEAM = NVZGWL564Q;
				INFOPLIST_FILE = "$(SRCROOT)/Example/Info.plist";
				IPHONEOS_DEPLOYMENT_TARGET = 9.0;
				LD_RUNPATH_SEARCH_PATHS = "$(inherited) @executable_path/Frameworks";
				PRODUCT_BUNDLE_IDENTIFIER = "dev.igorkislyuk.IKProgressView-Example";
				PRODUCT_NAME = "$(TARGET_NAME)";
				SWIFT_VERSION = 3.0;
			};
			name = Debug;
		};
		EDDF9FD81E631461009AC621 /* Release */ = {
			isa = XCBuildConfiguration;
			buildSettings = {
				ASSETCATALOG_COMPILER_APPICON_NAME = AppIcon;
				DEVELOPMENT_TEAM = NVZGWL564Q;
				INFOPLIST_FILE = "$(SRCROOT)/Example/Info.plist";
				IPHONEOS_DEPLOYMENT_TARGET = 9.0;
				LD_RUNPATH_SEARCH_PATHS = "$(inherited) @executable_path/Frameworks";
				PRODUCT_BUNDLE_IDENTIFIER = "dev.igorkislyuk.IKProgressView-Example";
				PRODUCT_NAME = "$(TARGET_NAME)";
				SWIFT_VERSION = 3.0;
			};
			name = Release;
		};
/* End XCBuildConfiguration section */

/* Begin XCConfigurationList section */
		EDDF9FBF1E631461009AC621 /* Build configuration list for PBXProject "iOS-Example" */ = {
			isa = XCConfigurationList;
			buildConfigurations = (
				EDDF9FD41E631461009AC621 /* Debug */,
				EDDF9FD51E631461009AC621 /* Release */,
			);
			defaultConfigurationIsVisible = 0;
			defaultConfigurationName = Release;
		};
		EDDF9FD61E631461009AC621 /* Build configuration list for PBXNativeTarget "iOS-Example" */ = {
			isa = XCConfigurationList;
			buildConfigurations = (
				EDDF9FD71E631461009AC621 /* Debug */,
				EDDF9FD81E631461009AC621 /* Release */,
			);
			defaultConfigurationIsVisible = 0;
			defaultConfigurationName = Release;
		};
/* End XCConfigurationList section */
	};
	rootObject = EDDF9FBC1E631461009AC621 /* Project object */;
}
